// !$*UTF8*$!
{
	archiveVersion = 1;
	classes = {
	};
	objectVersion = 46;
	objects = {

/* Begin PBXBuildFile section */
		8710DDF61B5DE4D000C2782D /* AppDelegate.swift in Sources */ = {isa = PBXBuildFile; fileRef = 8710DDF51B5DE4D000C2782D /* AppDelegate.swift */; };
		8710DDF81B5DE4D000C2782D /* ViewController.swift in Sources */ = {isa = PBXBuildFile; fileRef = 8710DDF71B5DE4D000C2782D /* ViewController.swift */; };
		8710DDFB1B5DE4D000C2782D /* Main.storyboard in Resources */ = {isa = PBXBuildFile; fileRef = 8710DDF91B5DE4D000C2782D /* Main.storyboard */; };
		8710DDFD1B5DE4D000C2782D /* Images.xcassets in Resources */ = {isa = PBXBuildFile; fileRef = 8710DDFC1B5DE4D000C2782D /* Images.xcassets */; };
		8710DE001B5DE4D000C2782D /* LaunchScreen.xib in Resources */ = {isa = PBXBuildFile; fileRef = 8710DDFE1B5DE4D000C2782D /* LaunchScreen.xib */; };
		8710DE0C1B5DE4D000C2782D /* TestProjectTests.swift in Sources */ = {isa = PBXBuildFile; fileRef = 8710DE0B1B5DE4D000C2782D /* TestProjectTests.swift */; };
		87C42CFF1B69E7C000673066 /* SecondViewController.swift in Sources */ = {isa = PBXBuildFile; fileRef = 87C42CFE1B69E7C000673066 /* SecondViewController.swift */; };
/* End PBXBuildFile section */

/* Begin PBXContainerItemProxy section */
		8710DE061B5DE4D000C2782D /* PBXContainerItemProxy */ = {
			isa = PBXContainerItemProxy;
			containerPortal = 8710DDE81B5DE4D000C2782D /* Project object */;
			proxyType = 1;
			remoteGlobalIDString = 8710DDEF1B5DE4D000C2782D;
			remoteInfo = TestProject;
		};
/* End PBXContainerItemProxy section */

/* Begin PBXFileReference section */
		8710DDF01B5DE4D000C2782D /* TestProject.app */ = {isa = PBXFileReference; explicitFileType = wrapper.application; includeInIndex = 0; path = TestProject.app; sourceTree = BUILT_PRODUCTS_DIR; };
		8710DDF41B5DE4D000C2782D /* Info.plist */ = {isa = PBXFileReference; lastKnownFileType = text.plist.xml; path = Info.plist; sourceTree = "<group>"; };
		8710DDF51B5DE4D000C2782D /* AppDelegate.swift */ = {isa = PBXFileReference; lastKnownFileType = sourcecode.swift; path = AppDelegate.swift; sourceTree = "<group>"; };
		8710DDF71B5DE4D000C2782D /* ViewController.swift */ = {isa = PBXFileReference; lastKnownFileType = sourcecode.swift; path = ViewController.swift; sourceTree = "<group>"; };
		8710DDFA1B5DE4D000C2782D /* Base */ = {isa = PBXFileReference; lastKnownFileType = file.storyboard; name = Base; path = Base.lproj/Main.storyboard; sourceTree = "<group>"; };
		8710DDFC1B5DE4D000C2782D /* Images.xcassets */ = {isa = PBXFileReference; lastKnownFileType = folder.assetcatalog; path = Images.xcassets; sourceTree = "<group>"; };
		8710DDFF1B5DE4D000C2782D /* Base */ = {isa = PBXFileReference; lastKnownFileType = file.xib; name = Base; path = Base.lproj/LaunchScreen.xib; sourceTree = "<group>"; };
		8710DE051B5DE4D000C2782D /* TestProjectTests.xctest */ = {isa = PBXFileReference; explicitFileType = wrapper.cfbundle; includeInIndex = 0; path = TestProjectTests.xctest; sourceTree = BUILT_PRODUCTS_DIR; };
		8710DE0A1B5DE4D000C2782D /* Info.plist */ = {isa = PBXFileReference; lastKnownFileType = text.plist.xml; path = Info.plist; sourceTree = "<group>"; };
		8710DE0B1B5DE4D000C2782D /* TestProjectTests.swift */ = {isa = PBXFileReference; lastKnownFileType = sourcecode.swift; path = TestProjectTests.swift; sourceTree = "<group>"; };
		87C42CFE1B69E7C000673066 /* SecondViewController.swift */ = {isa = PBXFileReference; fileEncoding = 4; lastKnownFileType = sourcecode.swift; path = SecondViewController.swift; sourceTree = "<group>"; };
/* End PBXFileReference section */

/* Begin PBXFrameworksBuildPhase section */
		8710DDED1B5DE4D000C2782D /* Frameworks */ = {
			isa = PBXFrameworksBuildPhase;
			buildActionMask = 2147483647;
			files = (
			);
			runOnlyForDeploymentPostprocessing = 0;
		};
		8710DE021B5DE4D000C2782D /* Frameworks */ = {
			isa = PBXFrameworksBuildPhase;
			buildActionMask = 2147483647;
			files = (
			);
			runOnlyForDeploymentPostprocessing = 0;
		};
/* End PBXFrameworksBuildPhase section */

/* Begin PBXGroup section */
		8710DDE71B5DE4D000C2782D = {
			isa = PBXGroup;
			children = (
				8710DDF21B5DE4D000C2782D /* TestProject */,
				8710DE081B5DE4D000C2782D /* TestProjectTests */,
				8710DDF11B5DE4D000C2782D /* Products */,
			);
			sourceTree = "<group>";
		};
		8710DDF11B5DE4D000C2782D /* Products */ = {
			isa = PBXGroup;
			children = (
				8710DDF01B5DE4D000C2782D /* TestProject.app */,
				8710DE051B5DE4D000C2782D /* TestProjectTests.xctest */,
			);
			name = Products;
			sourceTree = "<group>";
		};
		8710DDF21B5DE4D000C2782D /* TestProject */ = {
			isa = PBXGroup;
			children = (
				87C42CFE1B69E7C000673066 /* SecondViewController.swift */,
				8710DDF51B5DE4D000C2782D /* AppDelegate.swift */,
				8710DDF71B5DE4D000C2782D /* ViewController.swift */,
				8710DDF91B5DE4D000C2782D /* Main.storyboard */,
				8710DDFC1B5DE4D000C2782D /* Images.xcassets */,
				8710DDFE1B5DE4D000C2782D /* LaunchScreen.xib */,
				8710DDF31B5DE4D000C2782D /* Supporting Files */,
			);
			path = TestProject;
			sourceTree = "<group>";
		};
		8710DDF31B5DE4D000C2782D /* Supporting Files */ = {
			isa = PBXGroup;
			children = (
				8710DDF41B5DE4D000C2782D /* Info.plist */,
			);
			name = "Supporting Files";
			sourceTree = "<group>";
		};
		8710DE081B5DE4D000C2782D /* TestProjectTests */ = {
			isa = PBXGroup;
			children = (
				8710DE0B1B5DE4D000C2782D /* TestProjectTests.swift */,
				8710DE091B5DE4D000C2782D /* Supporting Files */,
			);
			path = TestProjectTests;
			sourceTree = "<group>";
		};
		8710DE091B5DE4D000C2782D /* Supporting Files */ = {
			isa = PBXGroup;
			children = (
				8710DE0A1B5DE4D000C2782D /* Info.plist */,
			);
			name = "Supporting Files";
			sourceTree = "<group>";
		};
/* End PBXGroup section */

/* Begin PBXNativeTarget section */
		8710DDEF1B5DE4D000C2782D /* TestProject */ = {
			isa = PBXNativeTarget;
			buildConfigurationList = 8710DE0F1B5DE4D000C2782D /* Build configuration list for PBXNativeTarget "TestProject" */;
			buildPhases = (
				8710DDEC1B5DE4D000C2782D /* Sources */,
				8710DDED1B5DE4D000C2782D /* Frameworks */,
				8710DDEE1B5DE4D000C2782D /* Resources */,
			);
			buildRules = (
			);
			dependencies = (
			);
			name = TestProject;
			productName = TestProject;
			productReference = 8710DDF01B5DE4D000C2782D /* TestProject.app */;
			productType = "com.apple.product-type.application";
		};
		8710DE041B5DE4D000C2782D /* TestProjectTests */ = {
			isa = PBXNativeTarget;
			buildConfigurationList = 8710DE121B5DE4D000C2782D /* Build configuration list for PBXNativeTarget "TestProjectTests" */;
			buildPhases = (
				8710DE011B5DE4D000C2782D /* Sources */,
				8710DE021B5DE4D000C2782D /* Frameworks */,
				8710DE031B5DE4D000C2782D /* Resources */,
			);
			buildRules = (
			);
			dependencies = (
				8710DE071B5DE4D000C2782D /* PBXTargetDependency */,
			);
			name = TestProjectTests;
			productName = TestProjectTests;
			productReference = 8710DE051B5DE4D000C2782D /* TestProjectTests.xctest */;
			productType = "com.apple.product-type.bundle.unit-test";
		};
/* End PBXNativeTarget section */

/* Begin PBXProject section */
		8710DDE81B5DE4D000C2782D /* Project object */ = {
			isa = PBXProject;
			attributes = {
				LastUpgradeCheck = 0630;
				ORGANIZATIONNAME = Apress;
				TargetAttributes = {
					8710DDEF1B5DE4D000C2782D = {
						CreatedOnToolsVersion = 6.3.1;
					};
					8710DE041B5DE4D000C2782D = {
						CreatedOnToolsVersion = 6.3.1;
						TestTargetID = 8710DDEF1B5DE4D000C2782D;
					};
				};
			};
			buildConfigurationList = 8710DDEB1B5DE4D000C2782D /* Build configuration list for PBXProject "TestProject" */;
			compatibilityVersion = "Xcode 3.2";
			developmentRegion = English;
			hasScannedForEncodings = 0;
			knownRegions = (
				en,
				Base,
			);
			mainGroup = 8710DDE71B5DE4D000C2782D;
			productRefGroup = 8710DDF11B5DE4D000C2782D /* Products */;
			projectDirPath = "";
			projectRoot = "";
			targets = (
				8710DDEF1B5DE4D000C2782D /* TestProject */,
				8710DE041B5DE4D000C2782D /* TestProjectTests */,
			);
		};
/* End PBXProject section */

/* Begin PBXResourcesBuildPhase section */
		8710DDEE1B5DE4D000C2782D /* Resources */ = {
			isa = PBXResourcesBuildPhase;
			buildActionMask = 2147483647;
			files = (
				8710DDFB1B5DE4D000C2782D /* Main.storyboard in Resources */,
				8710DE001B5DE4D000C2782D /* LaunchScreen.xib in Resources */,
				8710DDFD1B5DE4D000C2782D /* Images.xcassets in Resources */,
			);
			runOnlyForDeploymentPostprocessing = 0;
		};
		8710DE031B5DE4D000C2782D /* Resources */ = {
			isa = PBXResourcesBuildPhase;
			buildActionMask = 2147483647;
			files = (
			);
			runOnlyForDeploymentPostprocessing = 0;
		};
/* End PBXResourcesBuildPhase section */

/* Begin PBXSourcesBuildPhase section */
		8710DDEC1B5DE4D000C2782D /* Sources */ = {
			isa = PBXSourcesBuildPhase;
			buildActionMask = 2147483647;
			files = (
				87C42CFF1B69E7C000673066 /* SecondViewController.swift in Sources */,
				8710DDF81B5DE4D000C2782D /* ViewController.swift in Sources */,
				8710DDF61B5DE4D000C2782D /* AppDelegate.swift in Sources */,
			);
			runOnlyForDeploymentPostprocessing = 0;
		};
		8710DE011B5DE4D000C2782D /* Sources */ = {
			isa = PBXSourcesBuildPhase;
			buildActionMask = 2147483647;
			files = (
				8710DE0C1B5DE4D000C2782D /* TestProjectTests.swift in Sources */,
			);
			runOnlyForDeploymentPostprocessing = 0;
		};
/* End PBXSourcesBuildPhase section */

/* Begin PBXTargetDependency section */
		8710DE071B5DE4D000C2782D /* PBXTargetDependency */ = {
			isa = PBXTargetDependency;
			target = 8710DDEF1B5DE4D000C2782D /* TestProject */;
			targetProxy = 8710DE061B5DE4D000C2782D /* PBXContainerItemProxy */;
		};
/* End PBXTargetDependency section */

/* Begin PBXVariantGroup section */
		8710DDF91B5DE4D000C2782D /* Main.storyboard */ = {
			isa = PBXVariantGroup;
			children = (
				8710DDFA1B5DE4D000C2782D /* Base */,
			);
			name = Main.storyboard;
			sourceTree = "<group>";
		};
		8710DDFE1B5DE4D000C2782D /* LaunchScreen.xib */ = {
			isa = PBXVariantGroup;
			children = (
				8710DDFF1B5DE4D000C2782D /* Base */,
			);
			name = LaunchScreen.xib;
			sourceTree = "<group>";
		};
/* End PBXVariantGroup section */

/* Begin XCBuildConfiguration section */
		8710DE0D1B5DE4D000C2782D /* Debug */ = {
			isa = XCBuildConfiguration;
			buildSettings = {
				ALWAYS_SEARCH_USER_PATHS = NO;
				CLANG_CXX_LANGUAGE_STANDARD = "gnu++0x";
				CLANG_CXX_LIBRARY = "libc++";
				CLANG_ENABLE_MODULES = YES;
				CLANG_ENABLE_OBJC_ARC = YES;
				CLANG_WARN_BOOL_CONVERSION = YES;
				CLANG_WARN_CONSTANT_CONVERSION = YES;
				CLANG_WARN_DIRECT_OBJC_ISA_USAGE = YES_ERROR;
				CLANG_WARN_EMPTY_BODY = YES;
				CLANG_WARN_ENUM_CONVERSION = YES;
				CLANG_WARN_INT_CONVERSION = YES;
				CLANG_WARN_OBJC_ROOT_CLASS = YES_ERROR;
				CLANG_WARN_UNREACHABLE_CODE = YES;
				CLANG_WARN__DUPLICATE_METHOD_MATCH = YES;
				"CODE_SIGN_IDENTITY[sdk=iphoneos*]" = "iPhone Developer";
				COPY_PHASE_STRIP = NO;
				DEBUG_INFORMATION_FORMAT = "dwarf-with-dsym";
				ENABLE_STRICT_OBJC_MSGSEND = YES;
				GCC_C_LANGUAGE_STANDARD = gnu99;
				GCC_DYNAMIC_NO_PIC = NO;
				GCC_NO_COMMON_BLOCKS = YES;
				GCC_OPTIMIZATION_LEVEL = 0;
				GCC_PREPROCESSOR_DEFINITIONS = (
					"DEBUG=1",
					"$(inherited)",
				);
				GCC_SYMBOLS_PRIVATE_EXTERN = NO;
				GCC_WARN_64_TO_32_BIT_CONVERSION = YES;
				GCC_WARN_ABOUT_RETURN_TYPE = YES_ERROR;
				GCC_WARN_UNDECLARED_SELECTOR = YES;
				GCC_WARN_UNINITIALIZED_AUTOS = YES_AGGRESSIVE;
				GCC_WARN_UNUSED_FUNCTION = YES;
				GCC_WARN_UNUSED_VARIABLE = YES;
				IPHONEOS_DEPLOYMENT_TARGET = 8.3;
				MTL_ENABLE_DEBUG_INFO = YES;
				ONLY_ACTIVE_ARCH = YES;
				SDKROOT = iphoneos;
				SWIFT_OPTIMIZATION_LEVEL = "-Onone";
			};
			name = Debug;
		};
		8710DE0E1B5DE4D000C2782D /* Release */ = {
			isa = XCBuildConfiguration;
			buildSettings = {
				ALWAYS_SEARCH_USER_PATHS = NO;
				CLANG_CXX_LANGUAGE_STANDARD = "gnu++0x";
				CLANG_CXX_LIBRARY = "libc++";
				CLANG_ENABLE_MODULES = YES;
				CLANG_ENABLE_OBJC_ARC = YES;
				CLANG_WARN_BOOL_CONVERSION = YES;
				CLANG_WARN_CONSTANT_CONVERSION = YES;
				CLANG_WARN_DIRECT_OBJC_ISA_USAGE = YES_ERROR;
				CLANG_WARN_EMPTY_BODY = YES;
				CLANG_WARN_ENUM_CONVERSION = YES;
				CLANG_WARN_INT_CONVERSION = YES;
				CLANG_WARN_OBJC_ROOT_CLASS = YES_ERROR;
				CLANG_WARN_UNREACHABLE_CODE = YES;
				CLANG_WARN__DUPLICATE_METHOD_MATCH = YES;
				"CODE_SIGN_IDENTITY[sdk=iphoneos*]" = "iPhone Developer";
				COPY_PHASE_STRIP = NO;
				DEBUG_INFORMATION_FORMAT = "dwarf-with-dsym";
				ENABLE_NS_ASSERTIONS = NO;
				ENABLE_STRICT_OBJC_MSGSEND = YES;
				GCC_C_LANGUAGE_STANDARD = gnu99;
				GCC_NO_COMMON_BLOCKS = YES;
				GCC_WARN_64_TO_32_BIT_CONVERSION = YES;
				GCC_WARN_ABOUT_RETURN_TYPE = YES_ERROR;
				GCC_WARN_UNDECLARED_SELECTOR = YES;
				GCC_WARN_UNINITIALIZED_AUTOS = YES_AGGRESSIVE;
				GCC_WARN_UNUSED_FUNCTION = YES;
				GCC_WARN_UNUSED_VARIABLE = YES;
				IPHONEOS_DEPLOYMENT_TARGET = 8.3;
				MTL_ENABLE_DEBUG_INFO = NO;
				SDKROOT = iphoneos;
				VALIDATE_PRODUCT = YES;
			};
			name = Release;
		};
		8710DE101B5DE4D000C2782D /* Debug */ = {
			isa = XCBuildConfiguration;
			buildSettings = {
				ASSETCATALOG_COMPILER_APPICON_NAME = AppIcon;
				INFOPLIST_FILE = TestProject/Info.plist;
				LD_RUNPATH_SEARCH_PATHS = "$(inherited) @executable_path/Frameworks";
				PRODUCT_NAME = "$(TARGET_NAME)";
			};
			name = Debug;
		};
		8710DE111B5DE4D000C2782D /* Release */ = {
			isa = XCBuildConfiguration;
			buildSettings = {
				ASSETCATALOG_COMPILER_APPICON_NAME = AppIcon;
				INFOPLIST_FILE = TestProject/Info.plist;
				LD_RUNPATH_SEARCH_PATHS = "$(inherited) @executable_path/Frameworks";
				PRODUCT_NAME = "$(TARGET_NAME)";
			};
			name = Release;
		};
		8710DE131B5DE4D000C2782D /* Debug */ = {
			isa = XCBuildConfiguration;
			buildSettings = {
				BUNDLE_LOADER = "$(TEST_HOST)";
				FRAMEWORK_SEARCH_PATHS = (
					"$(SDKROOT)/Developer/Library/Frameworks",
					"$(inherited)",
				);
				GCC_PREPROCESSOR_DEFINITIONS = (
					"DEBUG=1",
					"$(inherited)",
				);
				INFOPLIST_FILE = TestProjectTests/Info.plist;
				LD_RUNPATH_SEARCH_PATHS = "$(inherited) @executable_path/Frameworks @loader_path/Frameworks";
				PRODUCT_NAME = "$(TARGET_NAME)";
				TEST_HOST = "$(BUILT_PRODUCTS_DIR)/TestProject.app/TestProject";
			};
			name = Debug;
		};
		8710DE141B5DE4D000C2782D /* Release */ = {
			isa = XCBuildConfiguration;
			buildSettings = {
				BUNDLE_LOADER = "$(TEST_HOST)";
				FRAMEWORK_SEARCH_PATHS = (
					"$(SDKROOT)/Developer/Library/Frameworks",
					"$(inherited)",
				);
				INFOPLIST_FILE = TestProjectTests/Info.plist;
				LD_RUNPATH_SEARCH_PATHS = "$(inherited) @executable_path/Frameworks @loader_path/Frameworks";
				PRODUCT_NAME = "$(TARGET_NAME)";
				TEST_HOST = "$(BUILT_PRODUCTS_DIR)/TestProject.app/TestProject";
			};
			name = Release;
		};
/* End XCBuildConfiguration section */

/* Begin XCConfigurationList section */
		8710DDEB1B5DE4D000C2782D /* Build configuration list for PBXProject "TestProject" */ = {
			isa = XCConfigurationList;
			buildConfigurations = (
				8710DE0D1B5DE4D000C2782D /* Debug */,
				8710DE0E1B5DE4D000C2782D /* Release */,
			);
			defaultConfigurationIsVisible = 0;
			defaultConfigurationName = Release;
		};
		8710DE0F1B5DE4D000C2782D /* Build configuration list for PBXNativeTarget "TestProject" */ = {
			isa = XCConfigurationList;
			buildConfigurations = (
				8710DE101B5DE4D000C2782D /* Debug */,
				8710DE111B5DE4D000C2782D /* Release */,
			);
			defaultConfigurationIsVisible = 0;
			defaultConfigurationName = Release;
		};
		8710DE121B5DE4D000C2782D /* Build configuration list for PBXNativeTarget "TestProjectTests" */ = {
			isa = XCConfigurationList;
			buildConfigurations = (
				8710DE131B5DE4D000C2782D /* Debug */,
				8710DE141B5DE4D000C2782D /* Release */,
			);
			defaultConfigurationIsVisible = 0;
			defaultConfigurationName = Release;
		};
/* End XCConfigurationList section */
	};
	rootObject = 8710DDE81B5DE4D000C2782D /* Project object */;
}
